
Microsoft Visual Studio Solution File, Format Version 12.00
# Visual Studio 14
VisualStudioVersion = 14.0.22512.0
MinimumVisualStudioVersion = 10.0.40219.1
Project("{FAE04EC0-301F-11D3-BF4B-00C04F79EFBC}") = "New Unity Project", "New Unity Project\New Unity Project.csproj", "{13A45C13-3265-47B8-BC48-A553B569DF55}"
		{7940a233-506d-42dd-a383-bb088df6b257} = {7940a233-506d-42dd-a383-bb088df6b257}
		{df8b037d-1543-4b96-b1ca-2d2cc4179b11} = {df8b037d-1543-4b96-b1ca-2d2cc4179b11}
EndProject
Project("{FAE04EC0-301F-11D3-BF4B-00C04F79EFBC}") = "Assembly-CSharp", "C:\Users\wrket\Documents\New Unity Project\uwapp\GeneratedProjects\UWP\Assembly-CSharp\Assembly-CSharp.csproj", "{7940a233-506d-42dd-a383-bb088df6b257}"
EndProject
Project("{FAE04EC0-301F-11D3-BF4B-00C04F79EFBC}") = "Assembly-CSharp-firstpass", "C:\Users\wrket\Documents\New Unity Project\uwapp\GeneratedProjects\UWP\Assembly-CSharp-firstpass\Assembly-CSharp-firstpass.csproj", "{df8b037d-1543-4b96-b1ca-2d2cc4179b11}"
EndProject
Global
	GlobalSection(SolutionConfigurationPlatforms) = preSolution
		Debug|ARM = Debug|ARM
		Debug|x64 = Debug|x64
		Debug|x86 = Debug|x86
		Master|ARM = Master|ARM
		Master|x64 = Master|x64
		Master|x86 = Master|x86
		Release|ARM = Release|ARM
		Release|x64 = Release|x64
		Release|x86 = Release|x86
	EndGlobalSection
	GlobalSection(ProjectConfigurationPlatforms) = postSolution
		{13A45C13-3265-47B8-BC48-A553B569DF55}.Debug|ARM.ActiveCfg = Debug|ARM
		{13A45C13-3265-47B8-BC48-A553B569DF55}.Debug|ARM.Build.0 = Debug|ARM
		{13A45C13-3265-47B8-BC48-A553B569DF55}.Debug|ARM.Deploy.0 = Debug|ARM
		{13A45C13-3265-47B8-BC48-A553B569DF55}.Debug|x64.ActiveCfg = Debug|x64
		{13A45C13-3265-47B8-BC48-A553B569DF55}.Debug|x64.Build.0 = Debug|x64
		{13A45C13-3265-47B8-BC48-A553B569DF55}.Debug|x64.Deploy.0 = Debug|x64
		{13A45C13-3265-47B8-BC48-A553B569DF55}.Debug|x86.ActiveCfg = Debug|x86
		{13A45C13-3265-47B8-BC48-A553B569DF55}.Debug|x86.Build.0 = Debug|x86
		{13A45C13-3265-47B8-BC48-A553B569DF55}.Debug|x86.Deploy.0 = Debug|x86
		{13A45C13-3265-47B8-BC48-A553B569DF55}.Master|ARM.ActiveCfg = Master|ARM
		{13A45C13-3265-47B8-BC48-A553B569DF55}.Master|ARM.Build.0 = Master|ARM
		{13A45C13-3265-47B8-BC48-A553B569DF55}.Master|ARM.Deploy.0 = Master|ARM
		{13A45C13-3265-47B8-BC48-A553B569DF55}.Master|x64.ActiveCfg = Master|x64
		{13A45C13-3265-47B8-BC48-A553B569DF55}.Master|x64.Build.0 = Master|x64
		{13A45C13-3265-47B8-BC48-A553B569DF55}.Master|x64.Deploy.0 = Master|x64
		{13A45C13-3265-47B8-BC48-A553B569DF55}.Master|x86.ActiveCfg = Master|x86
		{13A45C13-3265-47B8-BC48-A553B569DF55}.Master|x86.Build.0 = Master|x86
		{13A45C13-3265-47B8-BC48-A553B569DF55}.Master|x86.Deploy.0 = Master|x86
		{13A45C13-3265-47B8-BC48-A553B569DF55}.Release|ARM.ActiveCfg = Release|ARM
		{13A45C13-3265-47B8-BC48-A553B569DF55}.Release|ARM.Build.0 = Release|ARM
		{13A45C13-3265-47B8-BC48-A553B569DF55}.Release|ARM.Deploy.0 = Release|ARM
		{13A45C13-3265-47B8-BC48-A553B569DF55}.Release|x64.ActiveCfg = Release|x64
		{13A45C13-3265-47B8-BC48-A553B569DF55}.Release|x64.Build.0 = Release|x64
		{13A45C13-3265-47B8-BC48-A553B569DF55}.Release|x64.Deploy.0 = Release|x64
		{13A45C13-3265-47B8-BC48-A553B569DF55}.Release|x86.ActiveCfg = Release|x86
		{13A45C13-3265-47B8-BC48-A553B569DF55}.Release|x86.Build.0 = Release|x86
		{13A45C13-3265-47B8-BC48-A553B569DF55}.Release|x86.Deploy.0 = Release|x86
		{7940a233-506d-42dd-a383-bb088df6b257}.Debug|x86.ActiveCfg = Debug|x86
		{7940a233-506d-42dd-a383-bb088df6b257}.Debug|x86.Build.0 = Debug|x86
		{7940a233-506d-42dd-a383-bb088df6b257}.Release|x86.ActiveCfg = Release|x86
		{7940a233-506d-42dd-a383-bb088df6b257}.Release|x86.Build.0 = Release|x86
		{7940a233-506d-42dd-a383-bb088df6b257}.Master|x86.ActiveCfg = Master|x86
		{7940a233-506d-42dd-a383-bb088df6b257}.Master|x86.Build.0 = Master|x86
		{7940a233-506d-42dd-a383-bb088df6b257}.Debug|x64.ActiveCfg = Debug|x64
		{7940a233-506d-42dd-a383-bb088df6b257}.Debug|x64.Build.0 = Debug|x64
		{7940a233-506d-42dd-a383-bb088df6b257}.Release|x64.ActiveCfg = Release|x64
		{7940a233-506d-42dd-a383-bb088df6b257}.Release|x64.Build.0 = Release|x64
		{7940a233-506d-42dd-a383-bb088df6b257}.Master|x64.ActiveCfg = Master|x64
		{7940a233-506d-42dd-a383-bb088df6b257}.Master|x64.Build.0 = Master|x64
		{7940a233-506d-42dd-a383-bb088df6b257}.Debug|ARM.ActiveCfg = Debug|ARM
		{7940a233-506d-42dd-a383-bb088df6b257}.Debug|ARM.Build.0 = Debug|ARM
		{7940a233-506d-42dd-a383-bb088df6b257}.Release|ARM.ActiveCfg = Release|ARM
		{7940a233-506d-42dd-a383-bb088df6b257}.Release|ARM.Build.0 = Release|ARM
		{7940a233-506d-42dd-a383-bb088df6b257}.Master|ARM.ActiveCfg = Master|ARM
		{7940a233-506d-42dd-a383-bb088df6b257}.Master|ARM.Build.0 = Master|ARM
		{df8b037d-1543-4b96-b1ca-2d2cc4179b11}.Debug|x86.ActiveCfg = Debug|x86
		{df8b037d-1543-4b96-b1ca-2d2cc4179b11}.Debug|x86.Build.0 = Debug|x86
		{df8b037d-1543-4b96-b1ca-2d2cc4179b11}.Release|x86.ActiveCfg = Release|x86
		{df8b037d-1543-4b96-b1ca-2d2cc4179b11}.Release|x86.Build.0 = Release|x86
		{df8b037d-1543-4b96-b1ca-2d2cc4179b11}.Master|x86.ActiveCfg = Master|x86
		{df8b037d-1543-4b96-b1ca-2d2cc4179b11}.Master|x86.Build.0 = Master|x86
		{df8b037d-1543-4b96-b1ca-2d2cc4179b11}.Debug|ARM.ActiveCfg = Debug|ARM
		{df8b037d-1543-4b96-b1ca-2d2cc4179b11}.Debug|ARM.Build.0 = Debug|ARM
		{df8b037d-1543-4b96-b1ca-2d2cc4179b11}.Release|ARM.ActiveCfg = Release|ARM
		{df8b037d-1543-4b96-b1ca-2d2cc4179b11}.Release|ARM.Build.0 = Release|ARM
		{df8b037d-1543-4b96-b1ca-2d2cc4179b11}.Master|ARM.ActiveCfg = Master|ARM
		{df8b037d-1543-4b96-b1ca-2d2cc4179b11}.Master|ARM.Build.0 = Master|ARM
 EndGlobalSection
	GlobalSection(SolutionProperties) = preSolution
		HideSolutionNode = FALSE
	EndGlobalSection
EndGlobal
